
Microsoft Visual Studio Solution File, Format Version 12.00
# Visual Studio Version 16
VisualStudioVersion = 16.0.29009.5
MinimumVisualStudioVersion = 10.0.40219.1
Project("{FAE04EC0-301F-11D3-BF4B-00C04F79EFBC}") = "Processor", "Processor.csproj", "{CBFC088A-5AA4-42EC-8B78-5EE58AAE21BB}"
EndProject
Global
	GlobalSection(SolutionConfigurationPlatforms) = preSolution
		Debug|Any CPU = Debug|Any CPU
		Release|Any CPU = Release|Any CPU
	EndGlobalSection
	GlobalSection(ProjectConfigurationPlatforms) = postSolution
		{CBFC088A-5AA4-42EC-8B78-5EE58AAE21BB}.Debug|Any CPU.ActiveCfg = Debug|Any CPU
		{CBFC088A-5AA4-42EC-8B78-5EE58AAE21BB}.Debug|Any CPU.Build.0 = Debug|Any CPU
		{CBFC088A-5AA4-42EC-8B78-5EE58AAE21BB}.Release|Any CPU.ActiveCfg = Release|Any CPU
		{CBFC088A-5AA4-42EC-8B78-5EE58AAE21BB}.Release|Any CPU.Build.0 = Release|Any CPU
	EndGlobalSection
	GlobalSection(SolutionProperties) = preSolution
		HideSolutionNode = FALSE
	EndGlobalSection
	GlobalSection(ExtensibilityGlobals) = postSolution
		SolutionGuid = {8D442EB4-CDA9-4786-9480-61FEA1B7841F}
	EndGlobalSection
EndGlobal
